
Microsoft Visual Studio Solution File, Format Version 12.00
# Visual Studio Version 17
VisualStudioVersion = 17.4.33213.308
MinimumVisualStudioVersion = 10.0.40219.1
Project("{FAE04EC0-301F-11D3-BF4B-00C04F79EFBC}") = "JuanTemplate", "JuanTemplate\JuanTemplate.csproj", "{37C44AFA-E273-49DE-8B1A-758BAA67B1F3}"
EndProject
Global
	GlobalSection(SolutionConfigurationPlatforms) = preSolution
		Debug|Any CPU = Debug|Any CPU
		Release|Any CPU = Release|Any CPU
	EndGlobalSection
	GlobalSection(ProjectConfigurationPlatforms) = postSolution
		{37C44AFA-E273-49DE-8B1A-758BAA67B1F3}.Debug|Any CPU.ActiveCfg = Debug|Any CPU
		{37C44AFA-E273-49DE-8B1A-758BAA67B1F3}.Debug|Any CPU.Build.0 = Debug|Any CPU
		{37C44AFA-E273-49DE-8B1A-758BAA67B1F3}.Release|Any CPU.ActiveCfg = Release|Any CPU
		{37C44AFA-E273-49DE-8B1A-758BAA67B1F3}.Release|Any CPU.Build.0 = Release|Any CPU
	EndGlobalSection
	GlobalSection(SolutionProperties) = preSolution
		HideSolutionNode = FALSE
	EndGlobalSection
	GlobalSection(ExtensibilityGlobals) = postSolution
		SolutionGuid = {6E4266A9-6010-4254-94B1-3EC43B3DA76F}
	EndGlobalSection
EndGlobal
